hash: 63ea1cebb2452d56771d2a6f09cfbcd38413aa39c5d9a225acd52b7760fd6c4d
updated: 2016-02-19T17:45:57.194759537-05:00
imports:
- name: github.com/mattn/go-runewidth
  version: d037b52ae5c0338c2bb18da01fb7ddf0e8be9aa1
- name: github.com/nsf/termbox-go
  version: 362329b0aa6447eadd52edd8d660ec1dff470295
- name: github.com/sergi/go-diff
  version: ec7fdbb58eb3e300c8595ad5ac74a5aa50019cc7
devImports: []
